// !$*UTF8*$!
{
	archiveVersion = 1;
	classes = {
	};
	objectVersion = 55;
	objects = {

/* Begin PBXBuildFile section */
		BE1A849D2A466F720027D07A /* FileSelection.swift in Sources */ = {isa = PBXBuildFile; fileRef = BE1A849C2A466F720027D07A /* FileSelection.swift */; };
		BE20356C2A29BA53008C1245 /* CodeFormerGUIApp.swift in Sources */ = {isa = PBXBuildFile; fileRef = BE20356B2A29BA53008C1245 /* CodeFormerGUIApp.swift */; };
		BE20356E2A29BA53008C1245 /* ContentView.swift in Sources */ = {isa = PBXBuildFile; fileRef = BE20356D2A29BA53008C1245 /* ContentView.swift */; };
		BE2035702A29BA54008C1245 /* Assets.xcassets in Resources */ = {isa = PBXBuildFile; fileRef = BE20356F2A29BA54008C1245 /* Assets.xcassets */; };
		BE2035732A29BA54008C1245 /* Preview Assets.xcassets in Resources */ = {isa = PBXBuildFile; fileRef = BE2035722A29BA54008C1245 /* Preview Assets.xcassets */; };
		BE20357C2A29BB7E008C1245 /* PythonKit in Frameworks */ = {isa = PBXBuildFile; productRef = BE20357B2A29BB7E008C1245 /* PythonKit */; };
		BE20357E2A29BD30008C1245 /* Scripting.swift in Sources */ = {isa = PBXBuildFile; fileRef = BE20357D2A29BD30008C1245 /* Scripting.swift */; };
		BEC9CBEA2A47824A00D0321A /* SideBar.swift in Sources */ = {isa = PBXBuildFile; fileRef = BEC9CBE92A47824A00D0321A /* SideBar.swift */; };
/* End PBXBuildFile section */

/* Begin PBXFileReference section */
		BE1A849B2A464CFA0027D07A /* Info.plist */ = {isa = PBXFileReference; lastKnownFileType = text.plist; path = Info.plist; sourceTree = "<group>"; };
		BE1A849C2A466F720027D07A /* FileSelection.swift */ = {isa = PBXFileReference; lastKnownFileType = sourcecode.swift; path = FileSelection.swift; sourceTree = "<group>"; };
		BE2035682A29BA53008C1245 /* CodeFormerGUI.app */ = {isa = PBXFileReference; explicitFileType = wrapper.application; includeInIndex = 0; path = CodeFormerGUI.app; sourceTree = BUILT_PRODUCTS_DIR; };
		BE20356B2A29BA53008C1245 /* CodeFormerGUIApp.swift */ = {isa = PBXFileReference; lastKnownFileType = sourcecode.swift; path = CodeFormerGUIApp.swift; sourceTree = "<group>"; };
		BE20356D2A29BA53008C1245 /* ContentView.swift */ = {isa = PBXFileReference; lastKnownFileType = sourcecode.swift; path = ContentView.swift; sourceTree = "<group>"; };
		BE20356F2A29BA54008C1245 /* Assets.xcassets */ = {isa = PBXFileReference; lastKnownFileType = folder.assetcatalog; path = Assets.xcassets; sourceTree = "<group>"; };
		BE2035722A29BA54008C1245 /* Preview Assets.xcassets */ = {isa = PBXFileReference; lastKnownFileType = folder.assetcatalog; path = "Preview Assets.xcassets"; sourceTree = "<group>"; };
		BE2035742A29BA54008C1245 /* CodeFormerGUI.entitlements */ = {isa = PBXFileReference; lastKnownFileType = text.plist.entitlements; path = CodeFormerGUI.entitlements; sourceTree = "<group>"; };
		BE20357D2A29BD30008C1245 /* Scripting.swift */ = {isa = PBXFileReference; lastKnownFileType = sourcecode.swift; path = Scripting.swift; sourceTree = "<group>"; };
		BEC9CBE92A47824A00D0321A /* SideBar.swift */ = {isa = PBXFileReference; lastKnownFileType = sourcecode.swift; path = SideBar.swift; sourceTree = "<group>"; };
/* End PBXFileReference section */

/* Begin PBXFrameworksBuildPhase section */
		BE2035652A29BA53008C1245 /* Frameworks */ = {
			isa = PBXFrameworksBuildPhase;
			buildActionMask = 2147483647;
			files = (
				BE20357C2A29BB7E008C1245 /* PythonKit in Frameworks */,
			);
			runOnlyForDeploymentPostprocessing = 0;
		};
/* End PBXFrameworksBuildPhase section */

/* Begin PBXGroup section */
		BE20355F2A29BA53008C1245 = {
			isa = PBXGroup;
			children = (
				BE20356A2A29BA53008C1245 /* CodeFormerGUI */,
				BE2035692A29BA53008C1245 /* Products */,
			);
			sourceTree = "<group>";
		};
		BE2035692A29BA53008C1245 /* Products */ = {
			isa = PBXGroup;
			children = (
				BE2035682A29BA53008C1245 /* CodeFormerGUI.app */,
			);
			name = Products;
			sourceTree = "<group>";
		};
		BE20356A2A29BA53008C1245 /* CodeFormerGUI */ = {
			isa = PBXGroup;
			children = (
				BE1A849B2A464CFA0027D07A /* Info.plist */,
				BE20356B2A29BA53008C1245 /* CodeFormerGUIApp.swift */,
				BE20356D2A29BA53008C1245 /* ContentView.swift */,
				BE1A849C2A466F720027D07A /* FileSelection.swift */,
				BEC9CBE92A47824A00D0321A /* SideBar.swift */,
				BE20357D2A29BD30008C1245 /* Scripting.swift */,
				BE20356F2A29BA54008C1245 /* Assets.xcassets */,
				BE2035742A29BA54008C1245 /* CodeFormerGUI.entitlements */,
				BE2035712A29BA54008C1245 /* Preview Content */,
			);
			path = CodeFormerGUI;
			sourceTree = "<group>";
		};
		BE2035712A29BA54008C1245 /* Preview Content */ = {
			isa = PBXGroup;
			children = (
				BE2035722A29BA54008C1245 /* Preview Assets.xcassets */,
			);
			path = "Preview Content";
			sourceTree = "<group>";
		};
/* End PBXGroup section */

/* Begin PBXNativeTarget section */
		BE2035672A29BA53008C1245 /* CodeFormerGUI */ = {
			isa = PBXNativeTarget;
			buildConfigurationList = BE2035772A29BA54008C1245 /* Build configuration list for PBXNativeTarget "CodeFormerGUI" */;
			buildPhases = (
				BE2035642A29BA53008C1245 /* Sources */,
				BE2035652A29BA53008C1245 /* Frameworks */,
				BE2035662A29BA53008C1245 /* Resources */,
			);
			buildRules = (
			);
			dependencies = (
			);
			name = CodeFormerGUI;
			packageProductDependencies = (
				BE20357B2A29BB7E008C1245 /* PythonKit */,
			);
			productName = CodeFormerGUI;
			productReference = BE2035682A29BA53008C1245 /* CodeFormerGUI.app */;
			productType = "com.apple.product-type.application";
		};
/* End PBXNativeTarget section */

/* Begin PBXProject section */
		BE2035602A29BA53008C1245 /* Project object */ = {
			isa = PBXProject;
			attributes = {
				BuildIndependentTargetsInParallel = 1;
				LastSwiftUpdateCheck = 1340;
				LastUpgradeCheck = 1340;
				TargetAttributes = {
					BE2035672A29BA53008C1245 = {
						CreatedOnToolsVersion = 13.4.1;
					};
				};
			};
			buildConfigurationList = BE2035632A29BA53008C1245 /* Build configuration list for PBXProject "CodeFormerGUI" */;
			compatibilityVersion = "Xcode 13.0";
			developmentRegion = en;
			hasScannedForEncodings = 0;
			knownRegions = (
				en,
				Base,
			);
			mainGroup = BE20355F2A29BA53008C1245;
			packageReferences = (
				BE20357A2A29BB7E008C1245 /* XCRemoteSwiftPackageReference "PythonKit" */,
			);
			productRefGroup = BE2035692A29BA53008C1245 /* Products */;
			projectDirPath = "";
			projectRoot = "";
			targets = (
				BE2035672A29BA53008C1245 /* CodeFormerGUI */,
			);
		};
/* End PBXProject section */

/* Begin PBXResourcesBuildPhase section */
		BE2035662A29BA53008C1245 /* Resources */ = {
			isa = PBXResourcesBuildPhase;
			buildActionMask = 2147483647;
			files = (
				BE2035732A29BA54008C1245 /* Preview Assets.xcassets in Resources */,
				BE2035702A29BA54008C1245 /* Assets.xcassets in Resources */,
			);
			runOnlyForDeploymentPostprocessing = 0;
		};
/* End PBXResourcesBuildPhase section */

/* Begin PBXSourcesBuildPhase section */
		BE2035642A29BA53008C1245 /* Sources */ = {
			isa = PBXSourcesBuildPhase;
			buildActionMask = 2147483647;
			files = (
				BEC9CBEA2A47824A00D0321A /* SideBar.swift in Sources */,
				BE1A849D2A466F720027D07A /* FileSelection.swift in Sources */,
				BE20356E2A29BA53008C1245 /* ContentView.swift in Sources */,
				BE20357E2A29BD30008C1245 /* Scripting.swift in Sources */,
				BE20356C2A29BA53008C1245 /* CodeFormerGUIApp.swift in Sources */,
			);
			runOnlyForDeploymentPostprocessing = 0;
		};
/* End PBXSourcesBuildPhase section */

/* Begin XCBuildConfiguration section */
		BE2035752A29BA54008C1245 /* Debug */ = {
			isa = XCBuildConfiguration;
			buildSettings = {
				ALWAYS_SEARCH_USER_PATHS = NO;
				CLANG_ANALYZER_NONNULL = YES;
				CLANG_ANALYZER_NUMBER_OBJECT_CONVERSION = YES_AGGRESSIVE;
				CLANG_CXX_LANGUAGE_STANDARD = "gnu++17";
				CLANG_ENABLE_MODULES = YES;
				CLANG_ENABLE_OBJC_ARC = YES;
				CLANG_ENABLE_OBJC_WEAK = YES;
				CLANG_WARN_BLOCK_CAPTURE_AUTORELEASING = YES;
				CLANG_WARN_BOOL_CONVERSION = YES;
				CLANG_WARN_COMMA = YES;
				CLANG_WARN_CONSTANT_CONVERSION = YES;
				CLANG_WARN_DEPRECATED_OBJC_IMPLEMENTATIONS = YES;
				CLANG_WARN_DIRECT_OBJC_ISA_USAGE = YES_ERROR;
				CLANG_WARN_DOCUMENTATION_COMMENTS = YES;
				CLANG_WARN_EMPTY_BODY = YES;
				CLANG_WARN_ENUM_CONVERSION = YES;
				CLANG_WARN_INFINITE_RECURSION = YES;
				CLANG_WARN_INT_CONVERSION = YES;
				CLANG_WARN_NON_LITERAL_NULL_CONVERSION = YES;
				CLANG_WARN_OBJC_IMPLICIT_RETAIN_SELF = YES;
				CLANG_WARN_OBJC_LITERAL_CONVERSION = YES;
				CLANG_WARN_OBJC_ROOT_CLASS = YES_ERROR;
				CLANG_WARN_QUOTED_INCLUDE_IN_FRAMEWORK_HEADER = YES;
				CLANG_WARN_RANGE_LOOP_ANALYSIS = YES;
				CLANG_WARN_STRICT_PROTOTYPES = YES;
				CLANG_WARN_SUSPICIOUS_MOVE = YES;
				CLANG_WARN_UNGUARDED_AVAILABILITY = YES_AGGRESSIVE;
				CLANG_WARN_UNREACHABLE_CODE = YES;
				CLANG_WARN__DUPLICATE_METHOD_MATCH = YES;
				COPY_PHASE_STRIP = NO;
				DEBUG_INFORMATION_FORMAT = dwarf;
				ENABLE_STRICT_OBJC_MSGSEND = YES;
				ENABLE_TESTABILITY = YES;
				GCC_C_LANGUAGE_STANDARD = gnu11;
				GCC_DYNAMIC_NO_PIC = NO;
				GCC_NO_COMMON_BLOCKS = YES;
				GCC_OPTIMIZATION_LEVEL = 0;
				GCC_PREPROCESSOR_DEFINITIONS = (
					"DEBUG=1",
					"$(inherited)",
				);
				GCC_WARN_64_TO_32_BIT_CONVERSION = YES;
				GCC_WARN_ABOUT_RETURN_TYPE = YES_ERROR;
				GCC_WARN_UNDECLARED_SELECTOR = YES;
				GCC_WARN_UNINITIALIZED_AUTOS = YES_AGGRESSIVE;
				GCC_WARN_UNUSED_FUNCTION = YES;
				GCC_WARN_UNUSED_VARIABLE = YES;
				MACOSX_DEPLOYMENT_TARGET = 12.1;
				MTL_ENABLE_DEBUG_INFO = INCLUDE_SOURCE;
				MTL_FAST_MATH = YES;
				ONLY_ACTIVE_ARCH = YES;
				SDKROOT = macosx;
				SWIFT_ACTIVE_COMPILATION_CONDITIONS = DEBUG;
				SWIFT_OPTIMIZATION_LEVEL = "-Onone";
			};
			name = Debug;
		};
		BE2035762A29BA54008C1245 /* Release */ = {
			isa = XCBuildConfiguration;
			buildSettings = {
				ALWAYS_SEARCH_USER_PATHS = NO;
				CLANG_ANALYZER_NONNULL = YES;
				CLANG_ANALYZER_NUMBER_OBJECT_CONVERSION = YES_AGGRESSIVE;
				CLANG_CXX_LANGUAGE_STANDARD = "gnu++17";
				CLANG_ENABLE_MODULES = YES;
				CLANG_ENABLE_OBJC_ARC = YES;
				CLANG_ENABLE_OBJC_WEAK = YES;
				CLANG_WARN_BLOCK_CAPTURE_AUTORELEASING = YES;
				CLANG_WARN_BOOL_CONVERSION = YES;
				CLANG_WARN_COMMA = YES;
				CLANG_WARN_CONSTANT_CONVERSION = YES;
				CLANG_WARN_DEPRECATED_OBJC_IMPLEMENTATIONS = YES;
				CLANG_WARN_DIRECT_OBJC_ISA_USAGE = YES_ERROR;
				CLANG_WARN_DOCUMENTATION_COMMENTS = YES;
				CLANG_WARN_EMPTY_BODY = YES;
				CLANG_WARN_ENUM_CONVERSION = YES;
				CLANG_WARN_INFINITE_RECURSION = YES;
				CLANG_WARN_INT_CONVERSION = YES;
				CLANG_WARN_NON_LITERAL_NULL_CONVERSION = YES;
				CLANG_WARN_OBJC_IMPLICIT_RETAIN_SELF = YES;
				CLANG_WARN_OBJC_LITERAL_CONVERSION = YES;
				CLANG_WARN_OBJC_ROOT_CLASS = YES_ERROR;
				CLANG_WARN_QUOTED_INCLUDE_IN_FRAMEWORK_HEADER = YES;
				CLANG_WARN_RANGE_LOOP_ANALYSIS = YES;
				CLANG_WARN_STRICT_PROTOTYPES = YES;
				CLANG_WARN_SUSPICIOUS_MOVE = YES;
				CLANG_WARN_UNGUARDED_AVAILABILITY = YES_AGGRESSIVE;
				CLANG_WARN_UNREACHABLE_CODE = YES;
				CLANG_WARN__DUPLICATE_METHOD_MATCH = YES;
				COPY_PHASE_STRIP = NO;
				DEBUG_INFORMATION_FORMAT = "dwarf-with-dsym";
				ENABLE_NS_ASSERTIONS = NO;
				ENABLE_STRICT_OBJC_MSGSEND = YES;
				GCC_C_LANGUAGE_STANDARD = gnu11;
				GCC_NO_COMMON_BLOCKS = YES;
				GCC_WARN_64_TO_32_BIT_CONVERSION = YES;
				GCC_WARN_ABOUT_RETURN_TYPE = YES_ERROR;
				GCC_WARN_UNDECLARED_SELECTOR = YES;
				GCC_WARN_UNINITIALIZED_AUTOS = YES_AGGRESSIVE;
				GCC_WARN_UNUSED_FUNCTION = YES;
				GCC_WARN_UNUSED_VARIABLE = YES;
				MACOSX_DEPLOYMENT_TARGET = 12.1;
				MTL_ENABLE_DEBUG_INFO = NO;
				MTL_FAST_MATH = YES;
				SDKROOT = macosx;
				SWIFT_COMPILATION_MODE = wholemodule;
				SWIFT_OPTIMIZATION_LEVEL = "-O";
			};
			name = Release;
		};
		BE2035782A29BA54008C1245 /* Debug */ = {
			isa = XCBuildConfiguration;
			buildSettings = {
				ASSETCATALOG_COMPILER_APPICON_NAME = AppIcon;
				ASSETCATALOG_COMPILER_GLOBAL_ACCENT_COLOR_NAME = AccentColor;
				CODE_SIGN_ENTITLEMENTS = CodeFormerGUI/CodeFormerGUI.entitlements;
				CODE_SIGN_STYLE = Automatic;
				COMBINE_HIDPI_IMAGES = YES;
				CURRENT_PROJECT_VERSION = 1;
				DEVELOPMENT_ASSET_PATHS = "\"CodeFormerGUI/Preview Content\"";
				DEVELOPMENT_TEAM = 347C6X6X6T;
				ENABLE_HARDENED_RUNTIME = YES;
				ENABLE_PREVIEWS = YES;
				GENERATE_INFOPLIST_FILE = YES;
				INFOPLIST_FILE = CodeFormerGUI/Info.plist;
				INFOPLIST_KEY_NSHumanReadableCopyright = "";
				LD_RUNPATH_SEARCH_PATHS = (
					"$(inherited)",
					"@executable_path/../Frameworks",
				);
				MARKETING_VERSION = 1.0;
				PRODUCT_BUNDLE_IDENTIFIER = com.original.CodeFormerGUI;
				PRODUCT_NAME = "$(TARGET_NAME)";
				SWIFT_EMIT_LOC_STRINGS = YES;
				SWIFT_VERSION = 5.0;
			};
			name = Debug;
		};
		BE2035792A29BA54008C1245 /* Release */ = {
			isa = XCBuildConfiguration;
			buildSettings = {
				ASSETCATALOG_COMPILER_APPICON_NAME = AppIcon;
				ASSETCATALOG_COMPILER_GLOBAL_ACCENT_COLOR_NAME = AccentColor;
				CODE_SIGN_ENTITLEMENTS = CodeFormerGUI/CodeFormerGUI.entitlements;
				CODE_SIGN_STYLE = Automatic;
				COMBINE_HIDPI_IMAGES = YES;
				CURRENT_PROJECT_VERSION = 1;
				DEVELOPMENT_ASSET_PATHS = "\"CodeFormerGUI/Preview Content\"";
				DEVELOPMENT_TEAM = 347C6X6X6T;
				ENABLE_HARDENED_RUNTIME = YES;
				ENABLE_PREVIEWS = YES;
				GENERATE_INFOPLIST_FILE = YES;
				INFOPLIST_FILE = CodeFormerGUI/Info.plist;
				INFOPLIST_KEY_NSHumanReadableCopyright = "";
				LD_RUNPATH_SEARCH_PATHS = (
					"$(inherited)",
					"@executable_path/../Frameworks",
				);
				MARKETING_VERSION = 1.0;
				PRODUCT_BUNDLE_IDENTIFIER = com.original.CodeFormerGUI;
				PRODUCT_NAME = "$(TARGET_NAME)";
				SWIFT_EMIT_LOC_STRINGS = YES;
				SWIFT_VERSION = 5.0;
			};
			name = Release;
		};
/* End XCBuildConfiguration section */

/* Begin XCConfigurationList section */
		BE2035632A29BA53008C1245 /* Build configuration list for PBXProject "CodeFormerGUI" */ = {
			isa = XCConfigurationList;
			buildConfigurations = (
				BE2035752A29BA54008C1245 /* Debug */,
				BE2035762A29BA54008C1245 /* Release */,
			);
			defaultConfigurationIsVisible = 0;
			defaultConfigurationName = Release;
		};
		BE2035772A29BA54008C1245 /* Build configuration list for PBXNativeTarget "CodeFormerGUI" */ = {
			isa = XCConfigurationList;
			buildConfigurations = (
				BE2035782A29BA54008C1245 /* Debug */,
				BE2035792A29BA54008C1245 /* Release */,
			);
			defaultConfigurationIsVisible = 0;
			defaultConfigurationName = Release;
		};
/* End XCConfigurationList section */

/* Begin XCRemoteSwiftPackageReference section */
		BE20357A2A29BB7E008C1245 /* XCRemoteSwiftPackageReference "PythonKit" */ = {
			isa = XCRemoteSwiftPackageReference;
			repositoryURL = "https://github.com/pvieito/PythonKit";
			requirement = {
				branch = master;
				kind = branch;
			};
		};
/* End XCRemoteSwiftPackageReference section */

/* Begin XCSwiftPackageProductDependency section */
		BE20357B2A29BB7E008C1245 /* PythonKit */ = {
			isa = XCSwiftPackageProductDependency;
			package = BE20357A2A29BB7E008C1245 /* XCRemoteSwiftPackageReference "PythonKit" */;
			productName = PythonKit;
		};
/* End XCSwiftPackageProductDependency section */
	};
	rootObject = BE2035602A29BA53008C1245 /* Project object */;
}
